
Microsoft Visual Studio Solution File, Format Version 12.00
# Visual Studio 15
VisualStudioVersion = 15.0.28010.2050
MinimumVisualStudioVersion = 10.0.40219.1
Project("{FAE04EC0-301F-11D3-BF4B-00C04F79EFBC}") = "osu!Loader", "osu!Loader\osu!Loader.csproj", "{D75DD062-5446-4418-86ED-58E5782765BD}"
EndProject
Global
	GlobalSection(SolutionConfigurationPlatforms) = preSolution
		Debug|Any CPU = Debug|Any CPU
		Debug|x86 = Debug|x86
		Release|Any CPU = Release|Any CPU
		Release|x86 = Release|x86
	EndGlobalSection
	GlobalSection(ProjectConfigurationPlatforms) = postSolution
		{D75DD062-5446-4418-86ED-58E5782765BD}.Debug|Any CPU.ActiveCfg = Debug|x86
		{D75DD062-5446-4418-86ED-58E5782765BD}.Debug|x86.ActiveCfg = Debug|x86
		{D75DD062-5446-4418-86ED-58E5782765BD}.Debug|x86.Build.0 = Debug|x86
		{D75DD062-5446-4418-86ED-58E5782765BD}.Release|Any CPU.ActiveCfg = Release|x86
		{D75DD062-5446-4418-86ED-58E5782765BD}.Release|x86.ActiveCfg = Release|x86
		{D75DD062-5446-4418-86ED-58E5782765BD}.Release|x86.Build.0 = Release|x86
	EndGlobalSection
	GlobalSection(SolutionProperties) = preSolution
		HideSolutionNode = FALSE
	EndGlobalSection
	GlobalSection(ExtensibilityGlobals) = postSolution
		SolutionGuid = {71399CAE-39C5-41D6-9A54-A24E455686AB}
	EndGlobalSection
EndGlobal
